
Microsoft Visual Studio Solution File, Format Version 12.00
# Visual Studio 15
VisualStudioVersion = 15.0.28010.2026
MinimumVisualStudioVersion = 10.0.40219.1
Project("{FAE04EC0-301F-11D3-BF4B-00C04F79EFBC}") = "Tanks", "Tanks\Tanks.csproj", "{DEF86A8F-A02B-424B-AD26-11CBCD012BC6}"
EndProject
Project("{2150E333-8FDC-42A3-9474-1A3956D46DE8}") = "View", "View", "{0457A5E0-15A3-4021-8DE8-AE1D7A6FC0C4}"
EndProject
Project("{2150E333-8FDC-42A3-9474-1A3956D46DE8}") = "Model", "Model", "{D357DFE7-CC58-45FA-AE06-8D483801590D}"
EndProject
Project("{2150E333-8FDC-42A3-9474-1A3956D46DE8}") = "Controller", "Controller", "{0D178340-26AC-4B62-AF98-0D4928CA4644}"
EndProject
Project("{FAE04EC0-301F-11D3-BF4B-00C04F79EFBC}") = "Controller", "Controller\Controller.csproj", "{C3D2A768-FACD-4310-8672-F68C4C3A6E91}"
EndProject
Project("{FAE04EC0-301F-11D3-BF4B-00C04F79EFBC}") = "Model", "Model\Model.csproj", "{CD35D02C-65CB-442A-B839-C027BCFB0035}"
EndProject
Global
	GlobalSection(SolutionConfigurationPlatforms) = preSolution
		Debug|Any CPU = Debug|Any CPU
		Release|Any CPU = Release|Any CPU
	EndGlobalSection
	GlobalSection(ProjectConfigurationPlatforms) = postSolution
		{DEF86A8F-A02B-424B-AD26-11CBCD012BC6}.Debug|Any CPU.ActiveCfg = Debug|Any CPU
		{DEF86A8F-A02B-424B-AD26-11CBCD012BC6}.Debug|Any CPU.Build.0 = Debug|Any CPU
		{DEF86A8F-A02B-424B-AD26-11CBCD012BC6}.Release|Any CPU.ActiveCfg = Release|Any CPU
		{DEF86A8F-A02B-424B-AD26-11CBCD012BC6}.Release|Any CPU.Build.0 = Release|Any CPU
		{C3D2A768-FACD-4310-8672-F68C4C3A6E91}.Debug|Any CPU.ActiveCfg = Debug|Any CPU
		{C3D2A768-FACD-4310-8672-F68C4C3A6E91}.Debug|Any CPU.Build.0 = Debug|Any CPU
		{C3D2A768-FACD-4310-8672-F68C4C3A6E91}.Release|Any CPU.ActiveCfg = Release|Any CPU
		{C3D2A768-FACD-4310-8672-F68C4C3A6E91}.Release|Any CPU.Build.0 = Release|Any CPU
		{CD35D02C-65CB-442A-B839-C027BCFB0035}.Debug|Any CPU.ActiveCfg = Debug|Any CPU
		{CD35D02C-65CB-442A-B839-C027BCFB0035}.Debug|Any CPU.Build.0 = Debug|Any CPU
		{CD35D02C-65CB-442A-B839-C027BCFB0035}.Release|Any CPU.ActiveCfg = Release|Any CPU
		{CD35D02C-65CB-442A-B839-C027BCFB0035}.Release|Any CPU.Build.0 = Release|Any CPU
	EndGlobalSection
	GlobalSection(SolutionProperties) = preSolution
		HideSolutionNode = FALSE
	EndGlobalSection
	GlobalSection(NestedProjects) = preSolution
		{DEF86A8F-A02B-424B-AD26-11CBCD012BC6} = {0457A5E0-15A3-4021-8DE8-AE1D7A6FC0C4}
		{C3D2A768-FACD-4310-8672-F68C4C3A6E91} = {0D178340-26AC-4B62-AF98-0D4928CA4644}
		{CD35D02C-65CB-442A-B839-C027BCFB0035} = {D357DFE7-CC58-45FA-AE06-8D483801590D}
	EndGlobalSection
	GlobalSection(ExtensibilityGlobals) = postSolution
		SolutionGuid = {5378BC81-ABC2-48A6-8A72-8358835FBC38}
	EndGlobalSection
EndGlobal
